
Microsoft Visual Studio Solution File, Format Version 12.00
# Visual Studio Version 16
VisualStudioVersion = 16.0.28705.295
MinimumVisualStudioVersion = 10.0.40219.1
Project("{9A19103F-16F7-4668-BE54-9A1E7A4F7556}") = "Slipe", "Slipe-CLI\Slipe.csproj", "{C63D00A5-0733-47D7-88E9-AF3F4CA55092}"
EndProject
Project("{9A19103F-16F7-4668-BE54-9A1E7A4F7556}") = "SlipeWpfInstaller", "SlipeWpfInstaller\SlipeWpfInstaller.csproj", "{782DBC60-AEA3-419A-BF1A-219A63DF6454}"
EndProject
Project("{2150E333-8FDC-42A3-9474-1A3956D46DE8}") = "CLI", "CLI", "{45D73904-1C1A-48C6-BFE2-FE06D83E4F3A}"
EndProject
Project("{2150E333-8FDC-42A3-9474-1A3956D46DE8}") = "Installers", "Installers", "{B800895F-01A2-455C-955A-4F63779E81E9}"
EndProject
Project("{FAE04EC0-301F-11D3-BF4B-00C04F79EFBC}") = "SlipeInstaller", "SlipeInstaller\SlipeInstaller.csproj", "{3229DC8F-AAD6-4A05-B1F2-BC6569F5FEA4}"
EndProject
Global
	GlobalSection(SolutionConfigurationPlatforms) = preSolution
		Debug|Any CPU = Debug|Any CPU
		Release|Any CPU = Release|Any CPU
	EndGlobalSection
	GlobalSection(ProjectConfigurationPlatforms) = postSolution
		{C63D00A5-0733-47D7-88E9-AF3F4CA55092}.Debug|Any CPU.ActiveCfg = Debug|Any CPU
		{C63D00A5-0733-47D7-88E9-AF3F4CA55092}.Debug|Any CPU.Build.0 = Debug|Any CPU
		{C63D00A5-0733-47D7-88E9-AF3F4CA55092}.Release|Any CPU.ActiveCfg = Release|Any CPU
		{C63D00A5-0733-47D7-88E9-AF3F4CA55092}.Release|Any CPU.Build.0 = Release|Any CPU
		{782DBC60-AEA3-419A-BF1A-219A63DF6454}.Debug|Any CPU.ActiveCfg = Debug|Any CPU
		{782DBC60-AEA3-419A-BF1A-219A63DF6454}.Debug|Any CPU.Build.0 = Debug|Any CPU
		{782DBC60-AEA3-419A-BF1A-219A63DF6454}.Release|Any CPU.ActiveCfg = Release|Any CPU
		{782DBC60-AEA3-419A-BF1A-219A63DF6454}.Release|Any CPU.Build.0 = Release|Any CPU
		{3229DC8F-AAD6-4A05-B1F2-BC6569F5FEA4}.Debug|Any CPU.ActiveCfg = Debug|Any CPU
		{3229DC8F-AAD6-4A05-B1F2-BC6569F5FEA4}.Debug|Any CPU.Build.0 = Debug|Any CPU
		{3229DC8F-AAD6-4A05-B1F2-BC6569F5FEA4}.Release|Any CPU.ActiveCfg = Release|Any CPU
		{3229DC8F-AAD6-4A05-B1F2-BC6569F5FEA4}.Release|Any CPU.Build.0 = Release|Any CPU
	EndGlobalSection
	GlobalSection(SolutionProperties) = preSolution
		HideSolutionNode = FALSE
	EndGlobalSection
	GlobalSection(NestedProjects) = preSolution
		{C63D00A5-0733-47D7-88E9-AF3F4CA55092} = {45D73904-1C1A-48C6-BFE2-FE06D83E4F3A}
		{782DBC60-AEA3-419A-BF1A-219A63DF6454} = {B800895F-01A2-455C-955A-4F63779E81E9}
		{3229DC8F-AAD6-4A05-B1F2-BC6569F5FEA4} = {B800895F-01A2-455C-955A-4F63779E81E9}
	EndGlobalSection
	GlobalSection(ExtensibilityGlobals) = postSolution
		SolutionGuid = {D2FACE39-0780-4E99-B704-B0BC513A7F51}
	EndGlobalSection
EndGlobal
